
Microsoft Visual Studio Solution File, Format Version 12.00
# Visual Studio Version 16
VisualStudioVersion = 16.0.30517.126
MinimumVisualStudioVersion = 10.0.40219.1
Project("{FAE04EC0-301F-11D3-BF4B-00C04F79EFBC}") = "Lab.Rab4", "Lab.Rab4.csproj", "{0B635D65-EAEB-474E-9C47-55B650B40C4D}"
EndProject
Global
	GlobalSection(SolutionConfigurationPlatforms) = preSolution
		Debug|Any CPU = Debug|Any CPU
		Release|Any CPU = Release|Any CPU
	EndGlobalSection
	GlobalSection(ProjectConfigurationPlatforms) = postSolution
		{0B635D65-EAEB-474E-9C47-55B650B40C4D}.Debug|Any CPU.ActiveCfg = Debug|Any CPU
		{0B635D65-EAEB-474E-9C47-55B650B40C4D}.Debug|Any CPU.Build.0 = Debug|Any CPU
		{0B635D65-EAEB-474E-9C47-55B650B40C4D}.Release|Any CPU.ActiveCfg = Release|Any CPU
		{0B635D65-EAEB-474E-9C47-55B650B40C4D}.Release|Any CPU.Build.0 = Release|Any CPU
	EndGlobalSection
	GlobalSection(SolutionProperties) = preSolution
		HideSolutionNode = FALSE
	EndGlobalSection
	GlobalSection(ExtensibilityGlobals) = postSolution
		SolutionGuid = {26CABD30-FA7E-49EB-A325-01BE04B768C5}
	EndGlobalSection
EndGlobal
